
Microsoft Visual Studio Solution File, Format Version 12.00
# Visual Studio Version 16
VisualStudioVersion = 16.0.30114.105
MinimumVisualStudioVersion = 10.0.40219.1
Project("{9A19103F-16F7-4668-BE54-9A1E7A4F7556}") = "Volcanit", "Volcanit.csproj", "{974AC457-59F3-46EB-B127-78124C37A353}"
EndProject
Global
	GlobalSection(SolutionConfigurationPlatforms) = preSolution
		Debug|Any CPU = Debug|Any CPU
		Release|Any CPU = Release|Any CPU
	EndGlobalSection
	GlobalSection(ProjectConfigurationPlatforms) = postSolution
		{974AC457-59F3-46EB-B127-78124C37A353}.Debug|Any CPU.ActiveCfg = Debug|Any CPU
		{974AC457-59F3-46EB-B127-78124C37A353}.Debug|Any CPU.Build.0 = Debug|Any CPU
		{974AC457-59F3-46EB-B127-78124C37A353}.Release|Any CPU.ActiveCfg = Release|Any CPU
		{974AC457-59F3-46EB-B127-78124C37A353}.Release|Any CPU.Build.0 = Release|Any CPU
	EndGlobalSection
	GlobalSection(SolutionProperties) = preSolution
		HideSolutionNode = FALSE
	EndGlobalSection
	GlobalSection(ExtensibilityGlobals) = postSolution
		SolutionGuid = {BF1699B5-AB72-496A-96D5-41D40207958C}
	EndGlobalSection
EndGlobal
